// !$*UTF8*$!
{
	archiveVersion = 1;
	classes = {
	};
	objectVersion = 47;
	objects = {

/* Begin PBXBuildFile section */
		662A36CA1BA8D64100B91A09 /* DetailedOrderViewController.swift in Sources */ = {isa = PBXBuildFile; fileRef = 662A36C91BA8D64100B91A09 /* DetailedOrderViewController.swift */; };
		664D8B121BA8887B00384E7C /* OrdersViewController.swift in Sources */ = {isa = PBXBuildFile; fileRef = 664D8B111BA8887B00384E7C /* OrdersViewController.swift */; };
		66614ACB1BA9C86A00D68C05 /* ConversationsController.swift in Sources */ = {isa = PBXBuildFile; fileRef = 66614ACA1BA9C86A00D68C05 /* ConversationsController.swift */; };
		666555091BA8699F009D0197 /* MessagingController.swift in Sources */ = {isa = PBXBuildFile; fileRef = 666555081BA8699F009D0197 /* MessagingController.swift */; };
		669342D41BFD220D0027D460 /* SideMenuController.swift in Sources */ = {isa = PBXBuildFile; fileRef = 669342D31BFD220D0027D460 /* SideMenuController.swift */; };
		66AB9A331BAA0B0E00298EB9 /* CoreLocation.framework in Frameworks */ = {isa = PBXBuildFile; fileRef = 66AB9A321BAA0B0E00298EB9 /* CoreLocation.framework */; };
		66AB9A351BAA0B1500298EB9 /* CoreGraphics.framework in Frameworks */ = {isa = PBXBuildFile; fileRef = 66AB9A341BAA0B1500298EB9 /* CoreGraphics.framework */; };
		66AB9A371BAA0B1C00298EB9 /* LocalAuthentication.framework in Frameworks */ = {isa = PBXBuildFile; fileRef = 66AB9A361BAA0B1C00298EB9 /* LocalAuthentication.framework */; };
		66AB9A3A1BAA0B8900298EB9 /* Contacts.framework in Frameworks */ = {isa = PBXBuildFile; fileRef = 66AB9A381BAA0B8900298EB9 /* Contacts.framework */; };
		66AB9A3B1BAA0B8900298EB9 /* ContactsUI.framework in Frameworks */ = {isa = PBXBuildFile; fileRef = 66AB9A391BAA0B8900298EB9 /* ContactsUI.framework */; };
		66AB9A3D1BAA0B9500298EB9 /* MapKit.framework in Frameworks */ = {isa = PBXBuildFile; fileRef = 66AB9A3C1BAA0B9500298EB9 /* MapKit.framework */; };
		66AB9A3F1BAA0B9F00298EB9 /* NotificationCenter.framework in Frameworks */ = {isa = PBXBuildFile; fileRef = 66AB9A3E1BAA0B9F00298EB9 /* NotificationCenter.framework */; };
		66AB9A411BAA0CBE00298EB9 /* MapController.swift in Sources */ = {isa = PBXBuildFile; fileRef = 66AB9A401BAA0CBE00298EB9 /* MapController.swift */; };
		66EECA0F1BAA35C9005EDAAE /* SettingsViewController.swift in Sources */ = {isa = PBXBuildFile; fileRef = 66EECA0E1BAA35C9005EDAAE /* SettingsViewController.swift */; };
		FA2706191B9C60690079894E /* StringExtensions.swift in Sources */ = {isa = PBXBuildFile; fileRef = FA2706181B9C60690079894E /* StringExtensions.swift */; };
		FA3753551B9B793E00BE7150 /* LoginController.swift in Sources */ = {isa = PBXBuildFile; fileRef = FA3753541B9B793E00BE7150 /* LoginController.swift */; };
		FA4094C81BA9D32200667582 /* MenuController.swift in Sources */ = {isa = PBXBuildFile; fileRef = FA4094C71BA9D32200667582 /* MenuController.swift */; };
		FA79D3851BFCF86F00FFED9E /* LeftViewController.swift in Sources */ = {isa = PBXBuildFile; fileRef = FA79D3841BFCF86F00FFED9E /* LeftViewController.swift */; };
		FA79D3871BFCF88E00FFED9E /* MainViewController.swift in Sources */ = {isa = PBXBuildFile; fileRef = FA79D3861BFCF88E00FFED9E /* MainViewController.swift */; };
		FA79D3891BFCF8BD00FFED9E /* SlideMenuController.swift in Sources */ = {isa = PBXBuildFile; fileRef = FA79D3881BFCF8BD00FFED9E /* SlideMenuController.swift */; };
		FA8A2E701BA4A1980084A49B /* CoreDataController.swift in Sources */ = {isa = PBXBuildFile; fileRef = FA8A2E6F1BA4A1980084A49B /* CoreDataController.swift */; };
		FA8A2E731BA4A4E80084A49B /* User.swift in Sources */ = {isa = PBXBuildFile; fileRef = FA8A2E721BA4A4E80084A49B /* User.swift */; };
		FA8A2E751BA4A5050084A49B /* Task.swift in Sources */ = {isa = PBXBuildFile; fileRef = FA8A2E741BA4A5050084A49B /* Task.swift */; };
		FA8A2E771BA4A5250084A49B /* Message.swift in Sources */ = {isa = PBXBuildFile; fileRef = FA8A2E761BA4A5250084A49B /* Message.swift */; };
		FA8A2E791BA4A7A50084A49B /* JsonParserHelper.swift in Sources */ = {isa = PBXBuildFile; fileRef = FA8A2E781BA4A7A50084A49B /* JsonParserHelper.swift */; };
		FAA0BBF31B9474F900A36590 /* AppDelegate.swift in Sources */ = {isa = PBXBuildFile; fileRef = FAA0BBF21B9474F900A36590 /* AppDelegate.swift */; };
		FAA0BBF61B9474F900A36590 /* Logave.xcdatamodeld in Sources */ = {isa = PBXBuildFile; fileRef = FAA0BBF41B9474F900A36590 /* Logave.xcdatamodeld */; };
		FAA0BBFB1B9474FA00A36590 /* Main.storyboard in Resources */ = {isa = PBXBuildFile; fileRef = FAA0BBF91B9474FA00A36590 /* Main.storyboard */; };
		FAA0BBFD1B9474FA00A36590 /* Images.xcassets in Resources */ = {isa = PBXBuildFile; fileRef = FAA0BBFC1B9474FA00A36590 /* Images.xcassets */; };
		FAA0BC001B9474FA00A36590 /* LaunchScreen.xib in Resources */ = {isa = PBXBuildFile; fileRef = FAA0BBFE1B9474FA00A36590 /* LaunchScreen.xib */; };
		FAA0BC0C1B9474FA00A36590 /* LogaveTests.swift in Sources */ = {isa = PBXBuildFile; fileRef = FAA0BC0B1B9474FA00A36590 /* LogaveTests.swift */; };
/* End PBXBuildFile section */

/* Begin PBXContainerItemProxy section */
		FAA0BC061B9474FA00A36590 /* PBXContainerItemProxy */ = {
			isa = PBXContainerItemProxy;
			containerPortal = FAA0BBE51B9474F900A36590 /* Project object */;
			proxyType = 1;
			remoteGlobalIDString = FAA0BBEC1B9474F900A36590;
			remoteInfo = Logave;
		};
/* End PBXContainerItemProxy section */

/* Begin PBXFileReference section */
		662307D41BAAE3F2002D3F6F /* MessageUI.framework */ = {isa = PBXFileReference; lastKnownFileType = wrapper.framework; name = MessageUI.framework; path = System/Library/Frameworks/MessageUI.framework; sourceTree = SDKROOT; };
		662A36C91BA8D64100B91A09 /* DetailedOrderViewController.swift */ = {isa = PBXFileReference; fileEncoding = 4; lastKnownFileType = sourcecode.swift; path = DetailedOrderViewController.swift; sourceTree = "<group>"; };
		664D8B111BA8887B00384E7C /* OrdersViewController.swift */ = {isa = PBXFileReference; fileEncoding = 4; lastKnownFileType = sourcecode.swift; path = OrdersViewController.swift; sourceTree = "<group>"; };
		66614ACA1BA9C86A00D68C05 /* ConversationsController.swift */ = {isa = PBXFileReference; fileEncoding = 4; lastKnownFileType = sourcecode.swift; path = ConversationsController.swift; sourceTree = "<group>"; };
		666555081BA8699F009D0197 /* MessagingController.swift */ = {isa = PBXFileReference; fileEncoding = 4; lastKnownFileType = sourcecode.swift; path = MessagingController.swift; sourceTree = "<group>"; };
		669342D31BFD220D0027D460 /* SideMenuController.swift */ = {isa = PBXFileReference; fileEncoding = 4; lastKnownFileType = sourcecode.swift; path = SideMenuController.swift; sourceTree = "<group>"; };
		66AB9A321BAA0B0E00298EB9 /* CoreLocation.framework */ = {isa = PBXFileReference; lastKnownFileType = wrapper.framework; name = CoreLocation.framework; path = System/Library/Frameworks/CoreLocation.framework; sourceTree = SDKROOT; };
		66AB9A341BAA0B1500298EB9 /* CoreGraphics.framework */ = {isa = PBXFileReference; lastKnownFileType = wrapper.framework; name = CoreGraphics.framework; path = System/Library/Frameworks/CoreGraphics.framework; sourceTree = SDKROOT; };
		66AB9A361BAA0B1C00298EB9 /* LocalAuthentication.framework */ = {isa = PBXFileReference; lastKnownFileType = wrapper.framework; name = LocalAuthentication.framework; path = System/Library/Frameworks/LocalAuthentication.framework; sourceTree = SDKROOT; };
		66AB9A381BAA0B8900298EB9 /* Contacts.framework */ = {isa = PBXFileReference; lastKnownFileType = wrapper.framework; name = Contacts.framework; path = System/Library/Frameworks/Contacts.framework; sourceTree = SDKROOT; };
		66AB9A391BAA0B8900298EB9 /* ContactsUI.framework */ = {isa = PBXFileReference; lastKnownFileType = wrapper.framework; name = ContactsUI.framework; path = System/Library/Frameworks/ContactsUI.framework; sourceTree = SDKROOT; };
		66AB9A3C1BAA0B9500298EB9 /* MapKit.framework */ = {isa = PBXFileReference; lastKnownFileType = wrapper.framework; name = MapKit.framework; path = System/Library/Frameworks/MapKit.framework; sourceTree = SDKROOT; };
		66AB9A3E1BAA0B9F00298EB9 /* NotificationCenter.framework */ = {isa = PBXFileReference; lastKnownFileType = wrapper.framework; name = NotificationCenter.framework; path = System/Library/Frameworks/NotificationCenter.framework; sourceTree = SDKROOT; };
		66AB9A401BAA0CBE00298EB9 /* MapController.swift */ = {isa = PBXFileReference; fileEncoding = 4; lastKnownFileType = sourcecode.swift; path = MapController.swift; sourceTree = "<group>"; };
		66EECA0E1BAA35C9005EDAAE /* SettingsViewController.swift */ = {isa = PBXFileReference; fileEncoding = 4; lastKnownFileType = sourcecode.swift; path = SettingsViewController.swift; sourceTree = "<group>"; };
		FA2706181B9C60690079894E /* StringExtensions.swift */ = {isa = PBXFileReference; fileEncoding = 4; lastKnownFileType = sourcecode.swift; name = StringExtensions.swift; path = ../StringExtensions.swift; sourceTree = "<group>"; };
		FA3753541B9B793E00BE7150 /* LoginController.swift */ = {isa = PBXFileReference; fileEncoding = 4; lastKnownFileType = sourcecode.swift; path = LoginController.swift; sourceTree = "<group>"; };
		FA4094C71BA9D32200667582 /* MenuController.swift */ = {isa = PBXFileReference; fileEncoding = 4; lastKnownFileType = sourcecode.swift; path = MenuController.swift; sourceTree = "<group>"; };
		FA4D94441B98A01700D9F7BE /* Logave1.xcdatamodel */ = {isa = PBXFileReference; lastKnownFileType = wrapper.xcdatamodel; path = Logave1.xcdatamodel; sourceTree = "<group>"; };
		FA4D94451B98A4D800D9F7BE /* Logave2.xcdatamodel */ = {isa = PBXFileReference; lastKnownFileType = wrapper.xcdatamodel; path = Logave2.xcdatamodel; sourceTree = "<group>"; };
		FA773BA81B9C57D1001A5CA5 /* Logave3plus.xcdatamodel */ = {isa = PBXFileReference; lastKnownFileType = wrapper.xcdatamodel; path = Logave3plus.xcdatamodel; sourceTree = "<group>"; };
		FA79D3841BFCF86F00FFED9E /* LeftViewController.swift */ = {isa = PBXFileReference; fileEncoding = 4; lastKnownFileType = sourcecode.swift; path = LeftViewController.swift; sourceTree = "<group>"; };
		FA79D3861BFCF88E00FFED9E /* MainViewController.swift */ = {isa = PBXFileReference; fileEncoding = 4; lastKnownFileType = sourcecode.swift; path = MainViewController.swift; sourceTree = "<group>"; };
		FA79D3881BFCF8BD00FFED9E /* SlideMenuController.swift */ = {isa = PBXFileReference; fileEncoding = 4; lastKnownFileType = sourcecode.swift; path = SlideMenuController.swift; sourceTree = "<group>"; };
		FA8A2E6F1BA4A1980084A49B /* CoreDataController.swift */ = {isa = PBXFileReference; fileEncoding = 4; lastKnownFileType = sourcecode.swift; path = CoreDataController.swift; sourceTree = "<group>"; };
		FA8A2E721BA4A4E80084A49B /* User.swift */ = {isa = PBXFileReference; fileEncoding = 4; lastKnownFileType = sourcecode.swift; path = User.swift; sourceTree = "<group>"; };
		FA8A2E741BA4A5050084A49B /* Task.swift */ = {isa = PBXFileReference; fileEncoding = 4; lastKnownFileType = sourcecode.swift; path = Task.swift; sourceTree = "<group>"; };
		FA8A2E761BA4A5250084A49B /* Message.swift */ = {isa = PBXFileReference; fileEncoding = 4; lastKnownFileType = sourcecode.swift; path = Message.swift; sourceTree = "<group>"; };
		FA8A2E781BA4A7A50084A49B /* JsonParserHelper.swift */ = {isa = PBXFileReference; fileEncoding = 4; lastKnownFileType = sourcecode.swift; path = JsonParserHelper.swift; sourceTree = "<group>"; };
		FAA0BBED1B9474F900A36590 /* Logave.app */ = {isa = PBXFileReference; explicitFileType = wrapper.application; includeInIndex = 0; path = Logave.app; sourceTree = BUILT_PRODUCTS_DIR; };
		FAA0BBF11B9474F900A36590 /* Info.plist */ = {isa = PBXFileReference; lastKnownFileType = text.plist.xml; path = Info.plist; sourceTree = "<group>"; };
		FAA0BBF21B9474F900A36590 /* AppDelegate.swift */ = {isa = PBXFileReference; lastKnownFileType = sourcecode.swift; path = AppDelegate.swift; sourceTree = "<group>"; };
		FAA0BBF51B9474F900A36590 /* Logave.xcdatamodel */ = {isa = PBXFileReference; lastKnownFileType = wrapper.xcdatamodel; path = Logave.xcdatamodel; sourceTree = "<group>"; };
		FAA0BBFA1B9474FA00A36590 /* Base */ = {isa = PBXFileReference; lastKnownFileType = file.storyboard; name = Base; path = Base.lproj/Main.storyboard; sourceTree = "<group>"; };
		FAA0BBFC1B9474FA00A36590 /* Images.xcassets */ = {isa = PBXFileReference; lastKnownFileType = folder.assetcatalog; path = Images.xcassets; sourceTree = "<group>"; };
		FAA0BBFF1B9474FA00A36590 /* Base */ = {isa = PBXFileReference; lastKnownFileType = file.xib; name = Base; path = Base.lproj/LaunchScreen.xib; sourceTree = "<group>"; };
		FAA0BC051B9474FA00A36590 /* LogaveTests.xctest */ = {isa = PBXFileReference; explicitFileType = wrapper.cfbundle; includeInIndex = 0; path = LogaveTests.xctest; sourceTree = BUILT_PRODUCTS_DIR; };
		FAA0BC0A1B9474FA00A36590 /* Info.plist */ = {isa = PBXFileReference; lastKnownFileType = text.plist.xml; path = Info.plist; sourceTree = "<group>"; };
		FAA0BC0B1B9474FA00A36590 /* LogaveTests.swift */ = {isa = PBXFileReference; lastKnownFileType = sourcecode.swift; path = LogaveTests.swift; sourceTree = "<group>"; };
		FAAE56831B9B572B00285770 /* Logave3.xcdatamodel */ = {isa = PBXFileReference; lastKnownFileType = wrapper.xcdatamodel; path = Logave3.xcdatamodel; sourceTree = "<group>"; };
/* End PBXFileReference section */

/* Begin PBXFrameworksBuildPhase section */
		FAA0BBEA1B9474F900A36590 /* Frameworks */ = {
			isa = PBXFrameworksBuildPhase;
			buildActionMask = 2147483647;
			files = (
				66AB9A3F1BAA0B9F00298EB9 /* NotificationCenter.framework in Frameworks */,
				66AB9A3D1BAA0B9500298EB9 /* MapKit.framework in Frameworks */,
				66AB9A3A1BAA0B8900298EB9 /* Contacts.framework in Frameworks */,
				66AB9A3B1BAA0B8900298EB9 /* ContactsUI.framework in Frameworks */,
				66AB9A371BAA0B1C00298EB9 /* LocalAuthentication.framework in Frameworks */,
				66AB9A351BAA0B1500298EB9 /* CoreGraphics.framework in Frameworks */,
				66AB9A331BAA0B0E00298EB9 /* CoreLocation.framework in Frameworks */,
			);
			runOnlyForDeploymentPostprocessing = 0;
		};
		FAA0BC021B9474FA00A36590 /* Frameworks */ = {
			isa = PBXFrameworksBuildPhase;
			buildActionMask = 2147483647;
			files = (
			);
			runOnlyForDeploymentPostprocessing = 0;
		};
/* End PBXFrameworksBuildPhase section */

/* Begin PBXGroup section */
		6630F8A71BB3DB5600FC3ABB /* Settings */ = {
			isa = PBXGroup;
			children = (
				66EECA0E1BAA35C9005EDAAE /* SettingsViewController.swift */,
			);
			name = Settings;
			sourceTree = "<group>";
		};
		6634007F1BB3BC0200B3196A /* Frameworks */ = {
			isa = PBXGroup;
			children = (
				662307D41BAAE3F2002D3F6F /* MessageUI.framework */,
				66AB9A3E1BAA0B9F00298EB9 /* NotificationCenter.framework */,
				66AB9A3C1BAA0B9500298EB9 /* MapKit.framework */,
				66AB9A381BAA0B8900298EB9 /* Contacts.framework */,
				66AB9A391BAA0B8900298EB9 /* ContactsUI.framework */,
				66AB9A361BAA0B1C00298EB9 /* LocalAuthentication.framework */,
				66AB9A341BAA0B1500298EB9 /* CoreGraphics.framework */,
				66AB9A321BAA0B0E00298EB9 /* CoreLocation.framework */,
			);
			name = Frameworks;
			path = Logave;
			sourceTree = "<group>";
		};
		663400851BB3BD1200B3196A /* Essentials */ = {
			isa = PBXGroup;
			children = (
				FA6B573C1BA3462B006EBCE5 /* Data Classes */,
				FA8A2E711BA4A4D10084A49B /* Entities Classes */,
				FA6B57431BA34F77006EBCE5 /* Extensions */,
				663400891BB3BD6600B3196A /* OSM */,
				6634008B1BB3BDB500B3196A /* View Controllers */,
			);
			name = Essentials;
			sourceTree = "<group>";
		};
		663400861BB3BD2C00B3196A /* Controllers */ = {
			isa = PBXGroup;
			children = (
				663400871BB3BD4400B3196A /* Orders */,
				663400881BB3BD5600B3196A /* Messaging */,
				6630F8A71BB3DB5600FC3ABB /* Settings */,
			);
			name = Controllers;
			sourceTree = "<group>";
		};
		663400871BB3BD4400B3196A /* Orders */ = {
			isa = PBXGroup;
			children = (
				662A36C91BA8D64100B91A09 /* DetailedOrderViewController.swift */,
				664D8B111BA8887B00384E7C /* OrdersViewController.swift */,
			);
			name = Orders;
			sourceTree = "<group>";
		};
		663400881BB3BD5600B3196A /* Messaging */ = {
			isa = PBXGroup;
			children = (
				66614ACA1BA9C86A00D68C05 /* ConversationsController.swift */,
				666555081BA8699F009D0197 /* MessagingController.swift */,
			);
			name = Messaging;
			sourceTree = "<group>";
		};
		663400891BB3BD6600B3196A /* OSM */ = {
			isa = PBXGroup;
			children = (
				66AB9A401BAA0CBE00298EB9 /* MapController.swift */,
			);
			name = OSM;
			sourceTree = "<group>";
		};
		6634008B1BB3BDB500B3196A /* View Controllers */ = {
			isa = PBXGroup;
			children = (
				FA3753541B9B793E00BE7150 /* LoginController.swift */,
				FA4094C71BA9D32200667582 /* MenuController.swift */,
				FA79D3841BFCF86F00FFED9E /* LeftViewController.swift */,
				FA79D3861BFCF88E00FFED9E /* MainViewController.swift */,
				669342D31BFD220D0027D460 /* SideMenuController.swift */,
			);
			name = "View Controllers";
			sourceTree = "<group>";
		};
		FA6B573C1BA3462B006EBCE5 /* Data Classes */ = {
			isa = PBXGroup;
			children = (
				FA8A2E6F1BA4A1980084A49B /* CoreDataController.swift */,
				FA8A2E781BA4A7A50084A49B /* JsonParserHelper.swift */,
			);
			name = "Data Classes";
			sourceTree = "<group>";
		};
		FA6B57431BA34F77006EBCE5 /* Extensions */ = {
			isa = PBXGroup;
			children = (
				FA2706181B9C60690079894E /* StringExtensions.swift */,
				FA79D3881BFCF8BD00FFED9E /* SlideMenuController.swift */,
			);
			name = Extensions;
			sourceTree = "<group>";
		};
		FA8A2E711BA4A4D10084A49B /* Entities Classes */ = {
			isa = PBXGroup;
			children = (
				FA8A2E721BA4A4E80084A49B /* User.swift */,
				FA8A2E741BA4A5050084A49B /* Task.swift */,
				FA8A2E761BA4A5250084A49B /* Message.swift */,
			);
			name = "Entities Classes";
			sourceTree = "<group>";
		};
		FAA0BBE41B9474F900A36590 = {
			isa = PBXGroup;
			children = (
				6634007F1BB3BC0200B3196A /* Frameworks */,
				FAA0BBEF1B9474F900A36590 /* Logave */,
				FAA0BC081B9474FA00A36590 /* LogaveTests */,
				FAA0BBEE1B9474F900A36590 /* Products */,
			);
			sourceTree = "<group>";
		};
		FAA0BBEE1B9474F900A36590 /* Products */ = {
			isa = PBXGroup;
			children = (
				FAA0BBED1B9474F900A36590 /* Logave.app */,
				FAA0BC051B9474FA00A36590 /* LogaveTests.xctest */,
			);
			name = Products;
			sourceTree = "<group>";
		};
		FAA0BBEF1B9474F900A36590 /* Logave */ = {
			isa = PBXGroup;
			children = (
				FAA0BBF21B9474F900A36590 /* AppDelegate.swift */,
				FAA0BBF91B9474FA00A36590 /* Main.storyboard */,
				FAA0BBFE1B9474FA00A36590 /* LaunchScreen.xib */,
				663400851BB3BD1200B3196A /* Essentials */,
				663400861BB3BD2C00B3196A /* Controllers */,
				FAA0BBFC1B9474FA00A36590 /* Images.xcassets */,
				FAA0BBF41B9474F900A36590 /* Logave.xcdatamodeld */,
				FAA0BBF01B9474F900A36590 /* Supporting Files */,
			);
			path = Logave;
			sourceTree = "<group>";
		};
		FAA0BBF01B9474F900A36590 /* Supporting Files */ = {
			isa = PBXGroup;
			children = (
				FAA0BBF11B9474F900A36590 /* Info.plist */,
			);
			name = "Supporting Files";
			sourceTree = "<group>";
		};
		FAA0BC081B9474FA00A36590 /* LogaveTests */ = {
			isa = PBXGroup;
			children = (
				FAA0BC0B1B9474FA00A36590 /* LogaveTests.swift */,
				FAA0BC091B9474FA00A36590 /* Supporting Files */,
			);
			path = LogaveTests;
			sourceTree = "<group>";
		};
		FAA0BC091B9474FA00A36590 /* Supporting Files */ = {
			isa = PBXGroup;
			children = (
				FAA0BC0A1B9474FA00A36590 /* Info.plist */,
			);
			name = "Supporting Files";
			sourceTree = "<group>";
		};
/* End PBXGroup section */

/* Begin PBXNativeTarget section */
		FAA0BBEC1B9474F900A36590 /* Logave */ = {
			isa = PBXNativeTarget;
			buildConfigurationList = FAA0BC0F1B9474FA00A36590 /* Build configuration list for PBXNativeTarget "Logave" */;
			buildPhases = (
				FAA0BBE91B9474F900A36590 /* Sources */,
				FAA0BBEA1B9474F900A36590 /* Frameworks */,
				FAA0BBEB1B9474F900A36590 /* Resources */,
			);
			buildRules = (
			);
			dependencies = (
			);
			name = Logave;
			productName = Logave;
			productReference = FAA0BBED1B9474F900A36590 /* Logave.app */;
			productType = "com.apple.product-type.application";
		};
		FAA0BC041B9474FA00A36590 /* LogaveTests */ = {
			isa = PBXNativeTarget;
			buildConfigurationList = FAA0BC121B9474FA00A36590 /* Build configuration list for PBXNativeTarget "LogaveTests" */;
			buildPhases = (
				FAA0BC011B9474FA00A36590 /* Sources */,
				FAA0BC021B9474FA00A36590 /* Frameworks */,
				FAA0BC031B9474FA00A36590 /* Resources */,
			);
			buildRules = (
			);
			dependencies = (
				FAA0BC071B9474FA00A36590 /* PBXTargetDependency */,
			);
			name = LogaveTests;
			productName = LogaveTests;
			productReference = FAA0BC051B9474FA00A36590 /* LogaveTests.xctest */;
			productType = "com.apple.product-type.bundle.unit-test";
		};
/* End PBXNativeTarget section */

/* Begin PBXProject section */
		FAA0BBE51B9474F900A36590 /* Project object */ = {
			isa = PBXProject;
			attributes = {
				LastSwiftMigration = 0700;
				LastSwiftUpdateCheck = 0700;
				LastUpgradeCheck = 0700;
				ORGANIZATIONNAME = Logave;
				TargetAttributes = {
					FAA0BBEC1B9474F900A36590 = {
						CreatedOnToolsVersion = 6.4;
						DevelopmentTeam = X3G668Z26A;
					};
					FAA0BC041B9474FA00A36590 = {
						CreatedOnToolsVersion = 6.4;
						TestTargetID = FAA0BBEC1B9474F900A36590;
					};
				};
			};
			buildConfigurationList = FAA0BBE81B9474F900A36590 /* Build configuration list for PBXProject "Logave" */;
			compatibilityVersion = "Xcode 6.3";
			developmentRegion = English;
			hasScannedForEncodings = 0;
			knownRegions = (
				en,
				Base,
			);
			mainGroup = FAA0BBE41B9474F900A36590;
			productRefGroup = FAA0BBEE1B9474F900A36590 /* Products */;
			projectDirPath = "";
			projectRoot = "";
			targets = (
				FAA0BBEC1B9474F900A36590 /* Logave */,
				FAA0BC041B9474FA00A36590 /* LogaveTests */,
			);
		};
/* End PBXProject section */

/* Begin PBXResourcesBuildPhase section */
		FAA0BBEB1B9474F900A36590 /* Resources */ = {
			isa = PBXResourcesBuildPhase;
			buildActionMask = 2147483647;
			files = (
				FAA0BBFB1B9474FA00A36590 /* Main.storyboard in Resources */,
				FAA0BC001B9474FA00A36590 /* LaunchScreen.xib in Resources */,
				FAA0BBFD1B9474FA00A36590 /* Images.xcassets in Resources */,
			);
			runOnlyForDeploymentPostprocessing = 0;
		};
		FAA0BC031B9474FA00A36590 /* Resources */ = {
			isa = PBXResourcesBuildPhase;
			buildActionMask = 2147483647;
			files = (
			);
			runOnlyForDeploymentPostprocessing = 0;
		};
/* End PBXResourcesBuildPhase section */

/* Begin PBXSourcesBuildPhase section */
		FAA0BBE91B9474F900A36590 /* Sources */ = {
			isa = PBXSourcesBuildPhase;
			buildActionMask = 2147483647;
			files = (
				FA79D3891BFCF8BD00FFED9E /* SlideMenuController.swift in Sources */,
				66614ACB1BA9C86A00D68C05 /* ConversationsController.swift in Sources */,
				FAA0BBF31B9474F900A36590 /* AppDelegate.swift in Sources */,
				FA8A2E701BA4A1980084A49B /* CoreDataController.swift in Sources */,
				FA79D3871BFCF88E00FFED9E /* MainViewController.swift in Sources */,
				669342D41BFD220D0027D460 /* SideMenuController.swift in Sources */,
				FA8A2E751BA4A5050084A49B /* Task.swift in Sources */,
				FAA0BBF61B9474F900A36590 /* Logave.xcdatamodeld in Sources */,
				FA2706191B9C60690079894E /* StringExtensions.swift in Sources */,
				662A36CA1BA8D64100B91A09 /* DetailedOrderViewController.swift in Sources */,
				66EECA0F1BAA35C9005EDAAE /* SettingsViewController.swift in Sources */,
				FA8A2E791BA4A7A50084A49B /* JsonParserHelper.swift in Sources */,
				FA4094C81BA9D32200667582 /* MenuController.swift in Sources */,
				FA8A2E771BA4A5250084A49B /* Message.swift in Sources */,
				FA3753551B9B793E00BE7150 /* LoginController.swift in Sources */,
				664D8B121BA8887B00384E7C /* OrdersViewController.swift in Sources */,
				FA8A2E731BA4A4E80084A49B /* User.swift in Sources */,
				66AB9A411BAA0CBE00298EB9 /* MapController.swift in Sources */,
				666555091BA8699F009D0197 /* MessagingController.swift in Sources */,
				FA79D3851BFCF86F00FFED9E /* LeftViewController.swift in Sources */,
			);
			runOnlyForDeploymentPostprocessing = 0;
		};
		FAA0BC011B9474FA00A36590 /* Sources */ = {
			isa = PBXSourcesBuildPhase;
			buildActionMask = 2147483647;
			files = (
				FAA0BC0C1B9474FA00A36590 /* LogaveTests.swift in Sources */,
			);
			runOnlyForDeploymentPostprocessing = 0;
		};
/* End PBXSourcesBuildPhase section */

/* Begin PBXTargetDependency section */
		FAA0BC071B9474FA00A36590 /* PBXTargetDependency */ = {
			isa = PBXTargetDependency;
			target = FAA0BBEC1B9474F900A36590 /* Logave */;
			targetProxy = FAA0BC061B9474FA00A36590 /* PBXContainerItemProxy */;
		};
/* End PBXTargetDependency section */

/* Begin PBXVariantGroup section */
		FAA0BBF91B9474FA00A36590 /* Main.storyboard */ = {
			isa = PBXVariantGroup;
			children = (
				FAA0BBFA1B9474FA00A36590 /* Base */,
			);
			name = Main.storyboard;
			sourceTree = "<group>";
		};
		FAA0BBFE1B9474FA00A36590 /* LaunchScreen.xib */ = {
			isa = PBXVariantGroup;
			children = (
				FAA0BBFF1B9474FA00A36590 /* Base */,
			);
			name = LaunchScreen.xib;
			sourceTree = "<group>";
		};
/* End PBXVariantGroup section */

/* Begin XCBuildConfiguration section */
		FAA0BC0D1B9474FA00A36590 /* Debug */ = {
			isa = XCBuildConfiguration;
			buildSettings = {
				ALWAYS_SEARCH_USER_PATHS = NO;
				CLANG_CXX_LANGUAGE_STANDARD = "gnu++0x";
				CLANG_CXX_LIBRARY = "libc++";
				CLANG_ENABLE_MODULES = YES;
				CLANG_ENABLE_OBJC_ARC = YES;
				CLANG_WARN_BOOL_CONVERSION = YES;
				CLANG_WARN_CONSTANT_CONVERSION = YES;
				CLANG_WARN_DIRECT_OBJC_ISA_USAGE = YES_ERROR;
				CLANG_WARN_EMPTY_BODY = YES;
				CLANG_WARN_ENUM_CONVERSION = YES;
				CLANG_WARN_INT_CONVERSION = YES;
				CLANG_WARN_OBJC_ROOT_CLASS = YES_ERROR;
				CLANG_WARN_UNREACHABLE_CODE = YES;
				CLANG_WARN__DUPLICATE_METHOD_MATCH = YES;
				"CODE_SIGN_IDENTITY[sdk=iphoneos*]" = "iPhone Developer";
				COPY_PHASE_STRIP = NO;
				DEBUG_INFORMATION_FORMAT = "dwarf-with-dsym";
				ENABLE_STRICT_OBJC_MSGSEND = YES;
				ENABLE_TESTABILITY = YES;
				GCC_C_LANGUAGE_STANDARD = gnu99;
				GCC_DYNAMIC_NO_PIC = NO;
				GCC_NO_COMMON_BLOCKS = YES;
				GCC_OPTIMIZATION_LEVEL = 0;
				GCC_PREPROCESSOR_DEFINITIONS = (
					"DEBUG=1",
					"$(inherited)",
				);
				GCC_SYMBOLS_PRIVATE_EXTERN = NO;
				GCC_WARN_64_TO_32_BIT_CONVERSION = YES;
				GCC_WARN_ABOUT_RETURN_TYPE = YES_ERROR;
				GCC_WARN_UNDECLARED_SELECTOR = YES;
				GCC_WARN_UNINITIALIZED_AUTOS = YES_AGGRESSIVE;
				GCC_WARN_UNUSED_FUNCTION = YES;
				GCC_WARN_UNUSED_VARIABLE = YES;
				IPHONEOS_DEPLOYMENT_TARGET = 8.4;
				MTL_ENABLE_DEBUG_INFO = YES;
				ONLY_ACTIVE_ARCH = YES;
				SDKROOT = iphoneos;
				SWIFT_OPTIMIZATION_LEVEL = "-Onone";
				TARGETED_DEVICE_FAMILY = "1,2";
			};
			name = Debug;
		};
		FAA0BC0E1B9474FA00A36590 /* Release */ = {
			isa = XCBuildConfiguration;
			buildSettings = {
				ALWAYS_SEARCH_USER_PATHS = NO;
				CLANG_CXX_LANGUAGE_STANDARD = "gnu++0x";
				CLANG_CXX_LIBRARY = "libc++";
				CLANG_ENABLE_MODULES = YES;
				CLANG_ENABLE_OBJC_ARC = YES;
				CLANG_WARN_BOOL_CONVERSION = YES;
				CLANG_WARN_CONSTANT_CONVERSION = YES;
				CLANG_WARN_DIRECT_OBJC_ISA_USAGE = YES_ERROR;
				CLANG_WARN_EMPTY_BODY = YES;
				CLANG_WARN_ENUM_CONVERSION = YES;
				CLANG_WARN_INT_CONVERSION = YES;
				CLANG_WARN_OBJC_ROOT_CLASS = YES_ERROR;
				CLANG_WARN_UNREACHABLE_CODE = YES;
				CLANG_WARN__DUPLICATE_METHOD_MATCH = YES;
				"CODE_SIGN_IDENTITY[sdk=iphoneos*]" = "iPhone Developer";
				COPY_PHASE_STRIP = NO;
				DEBUG_INFORMATION_FORMAT = "dwarf-with-dsym";
				ENABLE_NS_ASSERTIONS = NO;
				ENABLE_STRICT_OBJC_MSGSEND = YES;
				GCC_C_LANGUAGE_STANDARD = gnu99;
				GCC_NO_COMMON_BLOCKS = YES;
				GCC_WARN_64_TO_32_BIT_CONVERSION = YES;
				GCC_WARN_ABOUT_RETURN_TYPE = YES_ERROR;
				GCC_WARN_UNDECLARED_SELECTOR = YES;
				GCC_WARN_UNINITIALIZED_AUTOS = YES_AGGRESSIVE;
				GCC_WARN_UNUSED_FUNCTION = YES;
				GCC_WARN_UNUSED_VARIABLE = YES;
				IPHONEOS_DEPLOYMENT_TARGET = 8.4;
				MTL_ENABLE_DEBUG_INFO = NO;
				SDKROOT = iphoneos;
				TARGETED_DEVICE_FAMILY = "1,2";
				VALIDATE_PRODUCT = YES;
			};
			name = Release;
		};
		FAA0BC101B9474FA00A36590 /* Debug */ = {
			isa = XCBuildConfiguration;
			buildSettings = {
				ASSETCATALOG_COMPILER_APPICON_NAME = AppIcon;
				CLANG_ENABLE_MODULES = YES;
				CODE_SIGN_IDENTITY = "iPhone Developer";
				INFOPLIST_FILE = Logave/Info.plist;
				IPHONEOS_DEPLOYMENT_TARGET = 9.0;
				LD_RUNPATH_SEARCH_PATHS = "$(inherited) @executable_path/Frameworks";
				PRODUCT_BUNDLE_IDENTIFIER = com.logave.courier;
				PRODUCT_NAME = "$(TARGET_NAME)";
				SWIFT_OBJC_BRIDGING_HEADER = "Logave-Bridging-Header.h";
				SWIFT_OPTIMIZATION_LEVEL = "-Onone";
			};
			name = Debug;
		};
		FAA0BC111B9474FA00A36590 /* Release */ = {
			isa = XCBuildConfiguration;
			buildSettings = {
				ASSETCATALOG_COMPILER_APPICON_NAME = AppIcon;
				CLANG_ENABLE_MODULES = YES;
				CODE_SIGN_IDENTITY = "iPhone Developer";
				INFOPLIST_FILE = Logave/Info.plist;
				IPHONEOS_DEPLOYMENT_TARGET = 9.0;
				LD_RUNPATH_SEARCH_PATHS = "$(inherited) @executable_path/Frameworks";
				PRODUCT_BUNDLE_IDENTIFIER = com.logave.courier;
				PRODUCT_NAME = "$(TARGET_NAME)";
				SWIFT_OBJC_BRIDGING_HEADER = "Logave-Bridging-Header.h";
			};
			name = Release;
		};
		FAA0BC131B9474FA00A36590 /* Debug */ = {
			isa = XCBuildConfiguration;
			buildSettings = {
				BUNDLE_LOADER = "$(TEST_HOST)";
				FRAMEWORK_SEARCH_PATHS = (
					"$(SDKROOT)/Developer/Library/Frameworks",
					"$(inherited)",
				);
				GCC_PREPROCESSOR_DEFINITIONS = (
					"DEBUG=1",
					"$(inherited)",
				);
				INFOPLIST_FILE = LogaveTests/Info.plist;
				LD_RUNPATH_SEARCH_PATHS = "$(inherited) @executable_path/Frameworks @loader_path/Frameworks";
				PRODUCT_BUNDLE_IDENTIFIER = "BSUIR.$(PRODUCT_NAME:rfc1034identifier)";
				PRODUCT_NAME = "$(TARGET_NAME)";
				TEST_HOST = "$(BUILT_PRODUCTS_DIR)/Logave.app/Logave";
			};
			name = Debug;
		};
		FAA0BC141B9474FA00A36590 /* Release */ = {
			isa = XCBuildConfiguration;
			buildSettings = {
				BUNDLE_LOADER = "$(TEST_HOST)";
				FRAMEWORK_SEARCH_PATHS = (
					"$(SDKROOT)/Developer/Library/Frameworks",
					"$(inherited)",
				);
				INFOPLIST_FILE = LogaveTests/Info.plist;
				LD_RUNPATH_SEARCH_PATHS = "$(inherited) @executable_path/Frameworks @loader_path/Frameworks";
				PRODUCT_BUNDLE_IDENTIFIER = "BSUIR.$(PRODUCT_NAME:rfc1034identifier)";
				PRODUCT_NAME = "$(TARGET_NAME)";
				TEST_HOST = "$(BUILT_PRODUCTS_DIR)/Logave.app/Logave";
			};
			name = Release;
		};
/* End XCBuildConfiguration section */

/* Begin XCConfigurationList section */
		FAA0BBE81B9474F900A36590 /* Build configuration list for PBXProject "Logave" */ = {
			isa = XCConfigurationList;
			buildConfigurations = (
				FAA0BC0D1B9474FA00A36590 /* Debug */,
				FAA0BC0E1B9474FA00A36590 /* Release */,
			);
			defaultConfigurationIsVisible = 0;
			defaultConfigurationName = Release;
		};
		FAA0BC0F1B9474FA00A36590 /* Build configuration list for PBXNativeTarget "Logave" */ = {
			isa = XCConfigurationList;
			buildConfigurations = (
				FAA0BC101B9474FA00A36590 /* Debug */,
				FAA0BC111B9474FA00A36590 /* Release */,
			);
			defaultConfigurationIsVisible = 0;
			defaultConfigurationName = Release;
		};
		FAA0BC121B9474FA00A36590 /* Build configuration list for PBXNativeTarget "LogaveTests" */ = {
			isa = XCConfigurationList;
			buildConfigurations = (
				FAA0BC131B9474FA00A36590 /* Debug */,
				FAA0BC141B9474FA00A36590 /* Release */,
			);
			defaultConfigurationIsVisible = 0;
			defaultConfigurationName = Release;
		};
/* End XCConfigurationList section */

/* Begin XCVersionGroup section */
		FAA0BBF41B9474F900A36590 /* Logave.xcdatamodeld */ = {
			isa = XCVersionGroup;
			children = (
				FA773BA81B9C57D1001A5CA5 /* Logave3plus.xcdatamodel */,
				FAAE56831B9B572B00285770 /* Logave3.xcdatamodel */,
				FA4D94451B98A4D800D9F7BE /* Logave2.xcdatamodel */,
				FA4D94441B98A01700D9F7BE /* Logave1.xcdatamodel */,
				FAA0BBF51B9474F900A36590 /* Logave.xcdatamodel */,
			);
			currentVersion = FA773BA81B9C57D1001A5CA5 /* Logave3plus.xcdatamodel */;
			path = Logave.xcdatamodeld;
			sourceTree = "<group>";
			versionGroupType = wrapper.xcdatamodel;
		};
/* End XCVersionGroup section */
	};
	rootObject = FAA0BBE51B9474F900A36590 /* Project object */;
}
